
Microsoft Visual Studio Solution File, Format Version 12.00
# Visual Studio Version 16
VisualStudioVersion = 16.0.30804.86
MinimumVisualStudioVersion = 10.0.40219.1
Project("{9A19103F-16F7-4668-BE54-9A1E7A4F7556}") = "OpenCCNET", "OpenCCNET.csproj", "{6F08C262-36AA-46D2-94DC-110E11DB8BE8}"
EndProject
Project("{FAE04EC0-301F-11D3-BF4B-00C04F79EFBC}") = "OpenCCNETDemo", "OpenCCNETDemo\OpenCCNETDemo.csproj", "{897F1B81-4427-41F0-AFB9-A790AEB41C03}"
EndProject
Global
	GlobalSection(SolutionConfigurationPlatforms) = preSolution
		Debug|Any CPU = Debug|Any CPU
		Release|Any CPU = Release|Any CPU
	EndGlobalSection
	GlobalSection(ProjectConfigurationPlatforms) = postSolution
		{6F08C262-36AA-46D2-94DC-110E11DB8BE8}.Debug|Any CPU.ActiveCfg = Debug|Any CPU
		{6F08C262-36AA-46D2-94DC-110E11DB8BE8}.Debug|Any CPU.Build.0 = Debug|Any CPU
		{6F08C262-36AA-46D2-94DC-110E11DB8BE8}.Release|Any CPU.ActiveCfg = Release|Any CPU
		{6F08C262-36AA-46D2-94DC-110E11DB8BE8}.Release|Any CPU.Build.0 = Release|Any CPU
		{897F1B81-4427-41F0-AFB9-A790AEB41C03}.Debug|Any CPU.ActiveCfg = Debug|Any CPU
		{897F1B81-4427-41F0-AFB9-A790AEB41C03}.Debug|Any CPU.Build.0 = Debug|Any CPU
		{897F1B81-4427-41F0-AFB9-A790AEB41C03}.Release|Any CPU.ActiveCfg = Release|Any CPU
		{897F1B81-4427-41F0-AFB9-A790AEB41C03}.Release|Any CPU.Build.0 = Release|Any CPU
	EndGlobalSection
	GlobalSection(SolutionProperties) = preSolution
		HideSolutionNode = FALSE
	EndGlobalSection
	GlobalSection(ExtensibilityGlobals) = postSolution
		SolutionGuid = {C80B58C2-EA05-40A4-B410-3C3D2F4A99AD}
	EndGlobalSection
EndGlobal
